
Microsoft Visual Studio Solution File, Format Version 12.00
# Visual Studio Version 17
VisualStudioVersion = 17.8.34330.188
MinimumVisualStudioVersion = 10.0.40219.1
Project("{FAE04EC0-301F-11D3-BF4B-00C04F79EFBC}") = "xmascard2024", "xmascard2024\xmascard2024.csproj", "{1E37D067-7271-4AD6-B342-0FE2359F33CC}"
EndProject
Global
	GlobalSection(SolutionConfigurationPlatforms) = preSolution
		Debug|Any CPU = Debug|Any CPU
		Release|Any CPU = Release|Any CPU
	EndGlobalSection
	GlobalSection(ProjectConfigurationPlatforms) = postSolution
		{1E37D067-7271-4AD6-B342-0FE2359F33CC}.Debug|Any CPU.ActiveCfg = Debug|Any CPU
		{1E37D067-7271-4AD6-B342-0FE2359F33CC}.Debug|Any CPU.Build.0 = Debug|Any CPU
		{1E37D067-7271-4AD6-B342-0FE2359F33CC}.Release|Any CPU.ActiveCfg = Release|Any CPU
		{1E37D067-7271-4AD6-B342-0FE2359F33CC}.Release|Any CPU.Build.0 = Release|Any CPU
	EndGlobalSection
	GlobalSection(SolutionProperties) = preSolution
		HideSolutionNode = FALSE
	EndGlobalSection
	GlobalSection(ExtensibilityGlobals) = postSolution
		SolutionGuid = {9BBB02B0-0E88-4099-AADA-7B41D3C76CDD}
	EndGlobalSection
EndGlobal
